
Microsoft Visual Studio Solution File, Format Version 12.00
# Visual Studio Version 17
VisualStudioVersion = 17.14.36301.6 d17.14
MinimumVisualStudioVersion = 10.0.40219.1
Project("{FAE04EC0-301F-11D3-BF4B-00C04F79EFBC}") = "BVFG_Web", "BVFG_Web\BVFG_Web.csproj", "{0DA6DB87-EDDB-4588-A24C-CDF3D6D81B24}"
EndProject
Global
	GlobalSection(SolutionConfigurationPlatforms) = preSolution
		Debug|Any CPU = Debug|Any CPU
		Release|Any CPU = Release|Any CPU
	EndGlobalSection
	GlobalSection(ProjectConfigurationPlatforms) = postSolution
		{0DA6DB87-EDDB-4588-A24C-CDF3D6D81B24}.Debug|Any CPU.ActiveCfg = Debug|Any CPU
		{0DA6DB87-EDDB-4588-A24C-CDF3D6D81B24}.Debug|Any CPU.Build.0 = Debug|Any CPU
		{0DA6DB87-EDDB-4588-A24C-CDF3D6D81B24}.Release|Any CPU.ActiveCfg = Release|Any CPU
		{0DA6DB87-EDDB-4588-A24C-CDF3D6D81B24}.Release|Any CPU.Build.0 = Release|Any CPU
	EndGlobalSection
	GlobalSection(SolutionProperties) = preSolution
		HideSolutionNode = FALSE
	EndGlobalSection
	GlobalSection(ExtensibilityGlobals) = postSolution
		SolutionGuid = {4CA2F142-A8E0-4815-80D0-167F1E8712A2}
	EndGlobalSection
EndGlobal
